
Microsoft Visual Studio Solution File, Format Version 12.00
# Visual Studio 14
VisualStudioVersion = 14.0.25420.1
MinimumVisualStudioVersion = 10.0.40219.1
Project("{FAE04EC0-301F-11D3-BF4B-00C04F79EFBC}") = "CustomerWcf", "CustomerWcf\CustomerWcf.csproj", "{83522C0D-7169-4623-9119-324A14C95EDF}"
EndProject
Project("{FAE04EC0-301F-11D3-BF4B-00C04F79EFBC}") = "CustomerView", "CustomerView\CustomerView.csproj", "{184B6DA0-2792-42CC-BFED-B775F58A9CAD}"
EndProject
Project("{FAE04EC0-301F-11D3-BF4B-00C04F79EFBC}") = "CustomerView.Tests", "CustomerView.Tests\CustomerView.Tests.csproj", "{BD35FC40-2B5F-4E48-8091-C98B7D927DB8}"
EndProject
Global
	GlobalSection(SolutionConfigurationPlatforms) = preSolution
		Debug|Any CPU = Debug|Any CPU
		Release|Any CPU = Release|Any CPU
	EndGlobalSection
	GlobalSection(ProjectConfigurationPlatforms) = postSolution
		{83522C0D-7169-4623-9119-324A14C95EDF}.Debug|Any CPU.ActiveCfg = Debug|Any CPU
		{83522C0D-7169-4623-9119-324A14C95EDF}.Debug|Any CPU.Build.0 = Debug|Any CPU
		{83522C0D-7169-4623-9119-324A14C95EDF}.Release|Any CPU.ActiveCfg = Release|Any CPU
		{83522C0D-7169-4623-9119-324A14C95EDF}.Release|Any CPU.Build.0 = Release|Any CPU
		{184B6DA0-2792-42CC-BFED-B775F58A9CAD}.Debug|Any CPU.ActiveCfg = Debug|Any CPU
		{184B6DA0-2792-42CC-BFED-B775F58A9CAD}.Debug|Any CPU.Build.0 = Debug|Any CPU
		{184B6DA0-2792-42CC-BFED-B775F58A9CAD}.Release|Any CPU.ActiveCfg = Release|Any CPU
		{184B6DA0-2792-42CC-BFED-B775F58A9CAD}.Release|Any CPU.Build.0 = Release|Any CPU
		{BD35FC40-2B5F-4E48-8091-C98B7D927DB8}.Debug|Any CPU.ActiveCfg = Debug|Any CPU
		{BD35FC40-2B5F-4E48-8091-C98B7D927DB8}.Debug|Any CPU.Build.0 = Debug|Any CPU
		{BD35FC40-2B5F-4E48-8091-C98B7D927DB8}.Release|Any CPU.ActiveCfg = Release|Any CPU
		{BD35FC40-2B5F-4E48-8091-C98B7D927DB8}.Release|Any CPU.Build.0 = Release|Any CPU
	EndGlobalSection
	GlobalSection(SolutionProperties) = preSolution
		HideSolutionNode = FALSE
	EndGlobalSection
EndGlobal
