
Microsoft Visual Studio Solution File, Format Version 12.00
# Visual Studio 14
VisualStudioVersion = 14.0.25420.1
MinimumVisualStudioVersion = 10.0.40219.1
Project("{FAE04EC0-301F-11D3-BF4B-00C04F79EFBC}") = "courseBackGround", "courseBackGround\courseBackGround.csproj", "{BF9D25B8-FED0-4E96-8D3D-9F54DAD05E38}"
EndProject
Project("{FAE04EC0-301F-11D3-BF4B-00C04F79EFBC}") = "courseMachineUi", "courseMachineUi\courseMachineUi.csproj", "{7804FB91-0645-427D-AFA5-4B119621D37C}"
	ProjectSection(ProjectDependencies) = postProject
		{BF9D25B8-FED0-4E96-8D3D-9F54DAD05E38} = {BF9D25B8-FED0-4E96-8D3D-9F54DAD05E38}
	EndProjectSection
EndProject
Global
	GlobalSection(SolutionConfigurationPlatforms) = preSolution
		Debug|Any CPU = Debug|Any CPU
		Release|Any CPU = Release|Any CPU
	EndGlobalSection
	GlobalSection(ProjectConfigurationPlatforms) = postSolution
		{BF9D25B8-FED0-4E96-8D3D-9F54DAD05E38}.Debug|Any CPU.ActiveCfg = Debug|Any CPU
		{BF9D25B8-FED0-4E96-8D3D-9F54DAD05E38}.Debug|Any CPU.Build.0 = Debug|Any CPU
		{BF9D25B8-FED0-4E96-8D3D-9F54DAD05E38}.Release|Any CPU.ActiveCfg = Release|Any CPU
		{BF9D25B8-FED0-4E96-8D3D-9F54DAD05E38}.Release|Any CPU.Build.0 = Release|Any CPU
		{7804FB91-0645-427D-AFA5-4B119621D37C}.Debug|Any CPU.ActiveCfg = Debug|Any CPU
		{7804FB91-0645-427D-AFA5-4B119621D37C}.Debug|Any CPU.Build.0 = Debug|Any CPU
		{7804FB91-0645-427D-AFA5-4B119621D37C}.Release|Any CPU.ActiveCfg = Release|Any CPU
		{7804FB91-0645-427D-AFA5-4B119621D37C}.Release|Any CPU.Build.0 = Release|Any CPU
	EndGlobalSection
	GlobalSection(SolutionProperties) = preSolution
		HideSolutionNode = FALSE
	EndGlobalSection
EndGlobal
